schema: '2.0'
stages:
  prepare:
    cmd: python src/prepare.py
    deps:
    - path: data/raw/UCI_Credit_Card.csv
      hash: md5
      md5: 940b416bb13a9b24bb5c9e1589284005
      size: 2862995
    - path: src/prepare.py
      hash: md5
      md5: 514fbc1e9f9985a757dc33899b7dbea9
      size: 4311
    outs:
    - path: data/processed/credit_default_processed.csv
      hash: md5
      md5: ff1eb42d1b6a3d99a2d63959cd58a797
      size: 5193752
  train:
    cmd: python src/train.py
    deps:
    - path: data/processed/credit_default_processed.csv
      hash: md5
      md5: ff1eb42d1b6a3d99a2d63959cd58a797
      size: 5193752
    - path: src/train.py
      hash: md5
      md5: d982383be9f6ad37f48bc9393e68eb0d
      size: 13207
    outs:
    - path: models/credit_default_model.joblib
      hash: md5
      md5: 67980eea2d444b6c3d50ee76d38bbb62
      size: 6602
